Microsoft Visual Studio Solution File, Format Version 12.00
# Visual Studio 2012
Project("{FAE04EC0-301F-11D3-BF4B-00C04F79EFBC}") = "cards", "cards.csproj", "{26BB2F92-A08C-4CBB-A528-DD0F123E7FAD}"
EndProject
Global
	GlobalSection(SolutionConfigurationPlatforms) = preSolution
	Debug|Any CPU = Debug|Any CPU
	ExportDebug|Any CPU = ExportDebug|Any CPU
	ExportRelease|Any CPU = ExportRelease|Any CPU
	EndGlobalSection
	GlobalSection(ProjectConfigurationPlatforms) = postSolution
		{26BB2F92-A08C-4CBB-A528-DD0F123E7FAD}.Debug|Any CPU.ActiveCfg = Debug|Any CPU
		{26BB2F92-A08C-4CBB-A528-DD0F123E7FAD}.Debug|Any CPU.Build.0 = Debug|Any CPU
		{26BB2F92-A08C-4CBB-A528-DD0F123E7FAD}.ExportDebug|Any CPU.ActiveCfg = ExportDebug|Any CPU
		{26BB2F92-A08C-4CBB-A528-DD0F123E7FAD}.ExportDebug|Any CPU.Build.0 = ExportDebug|Any CPU
		{26BB2F92-A08C-4CBB-A528-DD0F123E7FAD}.ExportRelease|Any CPU.ActiveCfg = ExportRelease|Any CPU
		{26BB2F92-A08C-4CBB-A528-DD0F123E7FAD}.ExportRelease|Any CPU.Build.0 = ExportRelease|Any CPU
	EndGlobalSection
EndGlobal
